
Microsoft Visual Studio Solution File, Format Version 12.00
# Visual Studio 15
VisualStudioVersion = 15.0.26730.16
MinimumVisualStudioVersion = 10.0.40219.1
Project("{FAE04EC0-301F-11D3-BF4B-00C04F79EFBC}") = "SpanishFlashcards", "SpanishFlashcards\SpanishFlashcards.csproj", "{EFFBBC9D-9AC1-4F1C-9C63-436D70C9051D}"
EndProject
Project("{54435603-DBB4-11D2-8724-00A0C9A8B90C}") = "SpanishFlashcardsSetup", "SpanishFlashcardsSetup\SpanishFlashcardsSetup.vdproj", "{42905AD7-02D5-414C-92DF-6DCE1FF5DB62}"
EndProject
Global
	GlobalSection(SolutionConfigurationPlatforms) = preSolution
		Debug|Any CPU = Debug|Any CPU
		Release|Any CPU = Release|Any CPU
	EndGlobalSection
	GlobalSection(ProjectConfigurationPlatforms) = postSolution
		{EFFBBC9D-9AC1-4F1C-9C63-436D70C9051D}.Debug|Any CPU.ActiveCfg = Debug|Any CPU
		{EFFBBC9D-9AC1-4F1C-9C63-436D70C9051D}.Debug|Any CPU.Build.0 = Debug|Any CPU
		{EFFBBC9D-9AC1-4F1C-9C63-436D70C9051D}.Release|Any CPU.ActiveCfg = Release|Any CPU
		{EFFBBC9D-9AC1-4F1C-9C63-436D70C9051D}.Release|Any CPU.Build.0 = Release|Any CPU
		{42905AD7-02D5-414C-92DF-6DCE1FF5DB62}.Debug|Any CPU.ActiveCfg = Debug
		{42905AD7-02D5-414C-92DF-6DCE1FF5DB62}.Release|Any CPU.ActiveCfg = Release
	EndGlobalSection
	GlobalSection(SolutionProperties) = preSolution
		HideSolutionNode = FALSE
	EndGlobalSection
	GlobalSection(ExtensibilityGlobals) = postSolution
		SolutionGuid = {DCBFE4BD-3296-4AC4-BB77-530781A33E07}
	EndGlobalSection
EndGlobal
